
Microsoft Visual Studio Solution File, Format Version 12.00
# Visual Studio 15
VisualStudioVersion = 15.0.28307.136
MinimumVisualStudioVersion = 10.0.40219.1
Project("{FAE04EC0-301F-11D3-BF4B-00C04F79EFBC}") = "Registration.Server", "Registration.Server\Registration.Server.csproj", "{5507A5FC-B669-4517-9132-DD10FC98CE08}"
EndProject
Project("{FAE04EC0-301F-11D3-BF4B-00C04F79EFBC}") = "ConsoltServer", "ConsoleServer\ConsoleServer.csproj", "{3FBE0C88-3877-44ED-82B5-F15643A17EDA}"
EndProject
Global
	GlobalSection(SolutionConfigurationPlatforms) = preSolution
		Debug|Any CPU = Debug|Any CPU
		Release|Any CPU = Release|Any CPU
	EndGlobalSection
	GlobalSection(ProjectConfigurationPlatforms) = postSolution
		{5507A5FC-B669-4517-9132-DD10FC98CE08}.Debug|Any CPU.ActiveCfg = Debug|Any CPU
		{5507A5FC-B669-4517-9132-DD10FC98CE08}.Debug|Any CPU.Build.0 = Debug|Any CPU
		{5507A5FC-B669-4517-9132-DD10FC98CE08}.Release|Any CPU.ActiveCfg = Release|Any CPU
		{5507A5FC-B669-4517-9132-DD10FC98CE08}.Release|Any CPU.Build.0 = Release|Any CPU
		{3FBE0C88-3877-44ED-82B5-F15643A17EDA}.Debug|Any CPU.ActiveCfg = Debug|Any CPU
		{3FBE0C88-3877-44ED-82B5-F15643A17EDA}.Debug|Any CPU.Build.0 = Debug|Any CPU
		{3FBE0C88-3877-44ED-82B5-F15643A17EDA}.Release|Any CPU.ActiveCfg = Release|Any CPU
		{3FBE0C88-3877-44ED-82B5-F15643A17EDA}.Release|Any CPU.Build.0 = Release|Any CPU
	EndGlobalSection
	GlobalSection(SolutionProperties) = preSolution
		HideSolutionNode = FALSE
	EndGlobalSection
	GlobalSection(ExtensibilityGlobals) = postSolution
		SolutionGuid = {0BBC0BBB-59AF-4D8C-A895-9ADE94803BC0}
	EndGlobalSection
EndGlobal
